
Microsoft Visual Studio Solution File, Format Version 12.00
# Visual Studio Version 17
VisualStudioVersion = 17.5.33530.505
MinimumVisualStudioVersion = 10.0.40219.1
Project("{FAE04EC0-301F-11D3-BF4B-00C04F79EFBC}") = "04", "04.csproj", "{BB697FB0-3776-4F39-853E-63003D4820E4}"
EndProject
Global
	GlobalSection(SolutionConfigurationPlatforms) = preSolution
		Debug|Any CPU = Debug|Any CPU
		Release|Any CPU = Release|Any CPU
	EndGlobalSection
	GlobalSection(ProjectConfigurationPlatforms) = postSolution
		{BB697FB0-3776-4F39-853E-63003D4820E4}.Debug|Any CPU.ActiveCfg = Debug|Any CPU
		{BB697FB0-3776-4F39-853E-63003D4820E4}.Debug|Any CPU.Build.0 = Debug|Any CPU
		{BB697FB0-3776-4F39-853E-63003D4820E4}.Release|Any CPU.ActiveCfg = Release|Any CPU
		{BB697FB0-3776-4F39-853E-63003D4820E4}.Release|Any CPU.Build.0 = Release|Any CPU
	EndGlobalSection
	GlobalSection(SolutionProperties) = preSolution
		HideSolutionNode = FALSE
	EndGlobalSection
	GlobalSection(ExtensibilityGlobals) = postSolution
		SolutionGuid = {C853CBEE-6C2C-4820-BE9F-7C9A72245CAE}
	EndGlobalSection
EndGlobal
